
Microsoft Visual Studio Solution File, Format Version 12.00
# Visual Studio 15
VisualStudioVersion = 15.0.26430.16
MinimumVisualStudioVersion = 10.0.40219.1
Project("{8BC9CEB8-8B4A-11D0-8D11-00A0C91BC942}") = "appbase", "Core\Core.vcxproj", "{9BFE1D21-01C4-4DA6-9786-3E33A9361462}"
	ProjectSection(ProjectDependencies) = postProject
		{E853A203-9DED-41C0-8254-7E5F7DBA218C} = {E853A203-9DED-41C0-8254-7E5F7DBA218C}
		{26366719-279F-4E78-BB2B-3A0814C9F118} = {26366719-279F-4E78-BB2B-3A0814C9F118}
		{3AD24C62-7370-40C1-A63B-B821FDEB6365} = {3AD24C62-7370-40C1-A63B-B821FDEB6365}
	EndProjectSection
EndProject
Project("{8BC9CEB8-8B4A-11D0-8D11-00A0C91BC942}") = "default", "Default\Default.vcxproj", "{E853A203-9DED-41C0-8254-7E5F7DBA218C}"
EndProject
Project("{8BC9CEB8-8B4A-11D0-8D11-00A0C91BC942}") = "pkg", "PKG\pkg.vcxproj", "{26366719-279F-4E78-BB2B-3A0814C9F118}"
	ProjectSection(ProjectDependencies) = postProject
		{E853A203-9DED-41C0-8254-7E5F7DBA218C} = {E853A203-9DED-41C0-8254-7E5F7DBA218C}
		{3AD24C62-7370-40C1-A63B-B821FDEB6365} = {3AD24C62-7370-40C1-A63B-B821FDEB6365}
	EndProjectSection
EndProject
Project("{8BC9CEB8-8B4A-11D0-8D11-00A0C91BC942}") = "basic", "Common\Common.vcxproj", "{3AD24C62-7370-40C1-A63B-B821FDEB6365}"
EndProject
Project("{8BC9CEB8-8B4A-11D0-8D11-00A0C91BC942}") = "appcenter", "appcenter\appcenter.vcxproj", "{8D2A0865-5F2C-48A7-85BA-1A5488C0D410}"
	ProjectSection(ProjectDependencies) = postProject
		{E853A203-9DED-41C0-8254-7E5F7DBA218C} = {E853A203-9DED-41C0-8254-7E5F7DBA218C}
		{26366719-279F-4E78-BB2B-3A0814C9F118} = {26366719-279F-4E78-BB2B-3A0814C9F118}
		{9BFE1D21-01C4-4DA6-9786-3E33A9361462} = {9BFE1D21-01C4-4DA6-9786-3E33A9361462}
		{3AD24C62-7370-40C1-A63B-B821FDEB6365} = {3AD24C62-7370-40C1-A63B-B821FDEB6365}
	EndProjectSection
EndProject
Project("{8BC9CEB8-8B4A-11D0-8D11-00A0C91BC942}") = "appgame", "appgame\appgame.vcxproj", "{A66D2751-580D-4C0A-8097-CA20BE7B82C1}"
	ProjectSection(ProjectDependencies) = postProject
		{E853A203-9DED-41C0-8254-7E5F7DBA218C} = {E853A203-9DED-41C0-8254-7E5F7DBA218C}
		{26366719-279F-4E78-BB2B-3A0814C9F118} = {26366719-279F-4E78-BB2B-3A0814C9F118}
		{9BFE1D21-01C4-4DA6-9786-3E33A9361462} = {9BFE1D21-01C4-4DA6-9786-3E33A9361462}
		{3AD24C62-7370-40C1-A63B-B821FDEB6365} = {3AD24C62-7370-40C1-A63B-B821FDEB6365}
	EndProjectSection
EndProject
Global
	GlobalSection(SolutionConfigurationPlatforms) = preSolution
		Debug|Any CPU = Debug|Any CPU
		Debug|ARM = Debug|ARM
		Debug|x64 = Debug|x64
		Debug|x86 = Debug|x86
		MinSizeRel|Any CPU = MinSizeRel|Any CPU
		MinSizeRel|ARM = MinSizeRel|ARM
		MinSizeRel|x64 = MinSizeRel|x64
		MinSizeRel|x86 = MinSizeRel|x86
		Release|Any CPU = Release|Any CPU
		Release|ARM = Release|ARM
		Release|x64 = Release|x64
		Release|x86 = Release|x86
		RelWithDebInfo|Any CPU = RelWithDebInfo|Any CPU
		RelWithDebInfo|ARM = RelWithDebInfo|ARM
		RelWithDebInfo|x64 = RelWithDebInfo|x64
		RelWithDebInfo|x86 = RelWithDebInfo|x86
	EndGlobalSection
	GlobalSection(ProjectConfigurationPlatforms) = postSolution
		{9BFE1D21-01C4-4DA6-9786-3E33A9361462}.Debug|Any CPU.ActiveCfg = Debug|Win32
		{9BFE1D21-01C4-4DA6-9786-3E33A9361462}.Debug|Any CPU.Build.0 = Debug|Win32
		{9BFE1D21-01C4-4DA6-9786-3E33A9361462}.Debug|ARM.ActiveCfg = Debug|Win32
		{9BFE1D21-01C4-4DA6-9786-3E33A9361462}.Debug|ARM.Build.0 = Debug|Win32
		{9BFE1D21-01C4-4DA6-9786-3E33A9361462}.Debug|x64.ActiveCfg = Debug|Win32
		{9BFE1D21-01C4-4DA6-9786-3E33A9361462}.Debug|x64.Build.0 = Debug|Win32
		{9BFE1D21-01C4-4DA6-9786-3E33A9361462}.Debug|x86.ActiveCfg = Debug|Win32
		{9BFE1D21-01C4-4DA6-9786-3E33A9361462}.Debug|x86.Build.0 = Debug|Win32
		{9BFE1D21-01C4-4DA6-9786-3E33A9361462}.MinSizeRel|Any CPU.ActiveCfg = Release|x64
		{9BFE1D21-01C4-4DA6-9786-3E33A9361462}.MinSizeRel|Any CPU.Build.0 = Release|x64
		{9BFE1D21-01C4-4DA6-9786-3E33A9361462}.MinSizeRel|ARM.ActiveCfg = Release|x64
		{9BFE1D21-01C4-4DA6-9786-3E33A9361462}.MinSizeRel|ARM.Build.0 = Release|x64
		{9BFE1D21-01C4-4DA6-9786-3E33A9361462}.MinSizeRel|x64.ActiveCfg = Release|x64
		{9BFE1D21-01C4-4DA6-9786-3E33A9361462}.MinSizeRel|x64.Build.0 = Release|x64
		{9BFE1D21-01C4-4DA6-9786-3E33A9361462}.MinSizeRel|x86.ActiveCfg = Release|Win32
		{9BFE1D21-01C4-4DA6-9786-3E33A9361462}.MinSizeRel|x86.Build.0 = Release|Win32
		{9BFE1D21-01C4-4DA6-9786-3E33A9361462}.Release|Any CPU.ActiveCfg = Release|Win32
		{9BFE1D21-01C4-4DA6-9786-3E33A9361462}.Release|ARM.ActiveCfg = Release|Win32
		{9BFE1D21-01C4-4DA6-9786-3E33A9361462}.Release|x64.ActiveCfg = Release|x64
		{9BFE1D21-01C4-4DA6-9786-3E33A9361462}.Release|x64.Build.0 = Release|x64
		{9BFE1D21-01C4-4DA6-9786-3E33A9361462}.Release|x86.ActiveCfg = Release|Win32
		{9BFE1D21-01C4-4DA6-9786-3E33A9361462}.Release|x86.Build.0 = Release|Win32
		{9BFE1D21-01C4-4DA6-9786-3E33A9361462}.RelWithDebInfo|Any CPU.ActiveCfg = Release|x64
		{9BFE1D21-01C4-4DA6-9786-3E33A9361462}.RelWithDebInfo|Any CPU.Build.0 = Release|x64
		{9BFE1D21-01C4-4DA6-9786-3E33A9361462}.RelWithDebInfo|ARM.ActiveCfg = Release|x64
		{9BFE1D21-01C4-4DA6-9786-3E33A9361462}.RelWithDebInfo|ARM.Build.0 = Release|x64
		{9BFE1D21-01C4-4DA6-9786-3E33A9361462}.RelWithDebInfo|x64.ActiveCfg = Release|x64
		{9BFE1D21-01C4-4DA6-9786-3E33A9361462}.RelWithDebInfo|x64.Build.0 = Release|x64
		{9BFE1D21-01C4-4DA6-9786-3E33A9361462}.RelWithDebInfo|x86.ActiveCfg = Release|Win32
		{9BFE1D21-01C4-4DA6-9786-3E33A9361462}.RelWithDebInfo|x86.Build.0 = Release|Win32
		{E853A203-9DED-41C0-8254-7E5F7DBA218C}.Debug|Any CPU.ActiveCfg = Debug|Win32
		{E853A203-9DED-41C0-8254-7E5F7DBA218C}.Debug|Any CPU.Build.0 = Debug|Win32
		{E853A203-9DED-41C0-8254-7E5F7DBA218C}.Debug|ARM.ActiveCfg = Debug|Win32
		{E853A203-9DED-41C0-8254-7E5F7DBA218C}.Debug|ARM.Build.0 = Debug|Win32
		{E853A203-9DED-41C0-8254-7E5F7DBA218C}.Debug|x64.ActiveCfg = Debug|Win32
		{E853A203-9DED-41C0-8254-7E5F7DBA218C}.Debug|x64.Build.0 = Debug|Win32
		{E853A203-9DED-41C0-8254-7E5F7DBA218C}.Debug|x86.ActiveCfg = Debug|Win32
		{E853A203-9DED-41C0-8254-7E5F7DBA218C}.Debug|x86.Build.0 = Debug|Win32
		{E853A203-9DED-41C0-8254-7E5F7DBA218C}.MinSizeRel|Any CPU.ActiveCfg = Release|x64
		{E853A203-9DED-41C0-8254-7E5F7DBA218C}.MinSizeRel|Any CPU.Build.0 = Release|x64
		{E853A203-9DED-41C0-8254-7E5F7DBA218C}.MinSizeRel|ARM.ActiveCfg = Release|x64
		{E853A203-9DED-41C0-8254-7E5F7DBA218C}.MinSizeRel|ARM.Build.0 = Release|x64
		{E853A203-9DED-41C0-8254-7E5F7DBA218C}.MinSizeRel|x64.ActiveCfg = Release|x64
		{E853A203-9DED-41C0-8254-7E5F7DBA218C}.MinSizeRel|x64.Build.0 = Release|x64
		{E853A203-9DED-41C0-8254-7E5F7DBA218C}.MinSizeRel|x86.ActiveCfg = Release|Win32
		{E853A203-9DED-41C0-8254-7E5F7DBA218C}.MinSizeRel|x86.Build.0 = Release|Win32
		{E853A203-9DED-41C0-8254-7E5F7DBA218C}.Release|Any CPU.ActiveCfg = Release|Win32
		{E853A203-9DED-41C0-8254-7E5F7DBA218C}.Release|ARM.ActiveCfg = Release|Win32
		{E853A203-9DED-41C0-8254-7E5F7DBA218C}.Release|x64.ActiveCfg = Release|x64
		{E853A203-9DED-41C0-8254-7E5F7DBA218C}.Release|x64.Build.0 = Release|x64
		{E853A203-9DED-41C0-8254-7E5F7DBA218C}.Release|x86.ActiveCfg = Release|Win32
		{E853A203-9DED-41C0-8254-7E5F7DBA218C}.Release|x86.Build.0 = Release|Win32
		{E853A203-9DED-41C0-8254-7E5F7DBA218C}.RelWithDebInfo|Any CPU.ActiveCfg = Release|x64
		{E853A203-9DED-41C0-8254-7E5F7DBA218C}.RelWithDebInfo|Any CPU.Build.0 = Release|x64
		{E853A203-9DED-41C0-8254-7E5F7DBA218C}.RelWithDebInfo|ARM.ActiveCfg = Release|x64
		{E853A203-9DED-41C0-8254-7E5F7DBA218C}.RelWithDebInfo|ARM.Build.0 = Release|x64
		{E853A203-9DED-41C0-8254-7E5F7DBA218C}.RelWithDebInfo|x64.ActiveCfg = Release|x64
		{E853A203-9DED-41C0-8254-7E5F7DBA218C}.RelWithDebInfo|x64.Build.0 = Release|x64
		{E853A203-9DED-41C0-8254-7E5F7DBA218C}.RelWithDebInfo|x86.ActiveCfg = Release|Win32
		{E853A203-9DED-41C0-8254-7E5F7DBA218C}.RelWithDebInfo|x86.Build.0 = Release|Win32
		{26366719-279F-4E78-BB2B-3A0814C9F118}.Debug|Any CPU.ActiveCfg = Debug|Win32
		{26366719-279F-4E78-BB2B-3A0814C9F118}.Debug|Any CPU.Build.0 = Debug|Win32
		{26366719-279F-4E78-BB2B-3A0814C9F118}.Debug|ARM.ActiveCfg = Debug|Win32
		{26366719-279F-4E78-BB2B-3A0814C9F118}.Debug|ARM.Build.0 = Debug|Win32
		{26366719-279F-4E78-BB2B-3A0814C9F118}.Debug|x64.ActiveCfg = Debug|Win32
		{26366719-279F-4E78-BB2B-3A0814C9F118}.Debug|x64.Build.0 = Debug|Win32
		{26366719-279F-4E78-BB2B-3A0814C9F118}.Debug|x86.ActiveCfg = Debug|Win32
		{26366719-279F-4E78-BB2B-3A0814C9F118}.Debug|x86.Build.0 = Debug|Win32
		{26366719-279F-4E78-BB2B-3A0814C9F118}.MinSizeRel|Any CPU.ActiveCfg = Release|x64
		{26366719-279F-4E78-BB2B-3A0814C9F118}.MinSizeRel|Any CPU.Build.0 = Release|x64
		{26366719-279F-4E78-BB2B-3A0814C9F118}.MinSizeRel|ARM.ActiveCfg = Release|x64
		{26366719-279F-4E78-BB2B-3A0814C9F118}.MinSizeRel|ARM.Build.0 = Release|x64
		{26366719-279F-4E78-BB2B-3A0814C9F118}.MinSizeRel|x64.ActiveCfg = Release|x64
		{26366719-279F-4E78-BB2B-3A0814C9F118}.MinSizeRel|x64.Build.0 = Release|x64
		{26366719-279F-4E78-BB2B-3A0814C9F118}.MinSizeRel|x86.ActiveCfg = Release|Win32
		{26366719-279F-4E78-BB2B-3A0814C9F118}.MinSizeRel|x86.Build.0 = Release|Win32
		{26366719-279F-4E78-BB2B-3A0814C9F118}.Release|Any CPU.ActiveCfg = Release|Win32
		{26366719-279F-4E78-BB2B-3A0814C9F118}.Release|ARM.ActiveCfg = Release|Win32
		{26366719-279F-4E78-BB2B-3A0814C9F118}.Release|x64.ActiveCfg = Release|x64
		{26366719-279F-4E78-BB2B-3A0814C9F118}.Release|x64.Build.0 = Release|x64
		{26366719-279F-4E78-BB2B-3A0814C9F118}.Release|x86.ActiveCfg = Release|Win32
		{26366719-279F-4E78-BB2B-3A0814C9F118}.Release|x86.Build.0 = Release|Win32
		{26366719-279F-4E78-BB2B-3A0814C9F118}.RelWithDebInfo|Any CPU.ActiveCfg = Release|x64
		{26366719-279F-4E78-BB2B-3A0814C9F118}.RelWithDebInfo|Any CPU.Build.0 = Release|x64
		{26366719-279F-4E78-BB2B-3A0814C9F118}.RelWithDebInfo|ARM.ActiveCfg = Release|x64
		{26366719-279F-4E78-BB2B-3A0814C9F118}.RelWithDebInfo|ARM.Build.0 = Release|x64
		{26366719-279F-4E78-BB2B-3A0814C9F118}.RelWithDebInfo|x64.ActiveCfg = Release|x64
		{26366719-279F-4E78-BB2B-3A0814C9F118}.RelWithDebInfo|x64.Build.0 = Release|x64
		{26366719-279F-4E78-BB2B-3A0814C9F118}.RelWithDebInfo|x86.ActiveCfg = Release|Win32
		{26366719-279F-4E78-BB2B-3A0814C9F118}.RelWithDebInfo|x86.Build.0 = Release|Win32
		{3AD24C62-7370-40C1-A63B-B821FDEB6365}.Debug|Any CPU.ActiveCfg = Debug|Win32
		{3AD24C62-7370-40C1-A63B-B821FDEB6365}.Debug|Any CPU.Build.0 = Debug|Win32
		{3AD24C62-7370-40C1-A63B-B821FDEB6365}.Debug|ARM.ActiveCfg = Debug|Win32
		{3AD24C62-7370-40C1-A63B-B821FDEB6365}.Debug|ARM.Build.0 = Debug|Win32
		{3AD24C62-7370-40C1-A63B-B821FDEB6365}.Debug|x64.ActiveCfg = Debug|Win32
		{3AD24C62-7370-40C1-A63B-B821FDEB6365}.Debug|x64.Build.0 = Debug|Win32
		{3AD24C62-7370-40C1-A63B-B821FDEB6365}.Debug|x86.ActiveCfg = Debug|Win32
		{3AD24C62-7370-40C1-A63B-B821FDEB6365}.Debug|x86.Build.0 = Debug|Win32
		{3AD24C62-7370-40C1-A63B-B821FDEB6365}.MinSizeRel|Any CPU.ActiveCfg = Release|x64
		{3AD24C62-7370-40C1-A63B-B821FDEB6365}.MinSizeRel|Any CPU.Build.0 = Release|x64
		{3AD24C62-7370-40C1-A63B-B821FDEB6365}.MinSizeRel|ARM.ActiveCfg = Release|x64
		{3AD24C62-7370-40C1-A63B-B821FDEB6365}.MinSizeRel|ARM.Build.0 = Release|x64
		{3AD24C62-7370-40C1-A63B-B821FDEB6365}.MinSizeRel|x64.ActiveCfg = Release|x64
		{3AD24C62-7370-40C1-A63B-B821FDEB6365}.MinSizeRel|x64.Build.0 = Release|x64
		{3AD24C62-7370-40C1-A63B-B821FDEB6365}.MinSizeRel|x86.ActiveCfg = Release|Win32
		{3AD24C62-7370-40C1-A63B-B821FDEB6365}.MinSizeRel|x86.Build.0 = Release|Win32
		{3AD24C62-7370-40C1-A63B-B821FDEB6365}.Release|Any CPU.ActiveCfg = Release|Win32
		{3AD24C62-7370-40C1-A63B-B821FDEB6365}.Release|ARM.ActiveCfg = Release|Win32
		{3AD24C62-7370-40C1-A63B-B821FDEB6365}.Release|x64.ActiveCfg = Release|x64
		{3AD24C62-7370-40C1-A63B-B821FDEB6365}.Release|x64.Build.0 = Release|x64
		{3AD24C62-7370-40C1-A63B-B821FDEB6365}.Release|x86.ActiveCfg = Release|Win32
		{3AD24C62-7370-40C1-A63B-B821FDEB6365}.Release|x86.Build.0 = Release|Win32
		{3AD24C62-7370-40C1-A63B-B821FDEB6365}.RelWithDebInfo|Any CPU.ActiveCfg = Release|x64
		{3AD24C62-7370-40C1-A63B-B821FDEB6365}.RelWithDebInfo|Any CPU.Build.0 = Release|x64
		{3AD24C62-7370-40C1-A63B-B821FDEB6365}.RelWithDebInfo|ARM.ActiveCfg = Release|x64
		{3AD24C62-7370-40C1-A63B-B821FDEB6365}.RelWithDebInfo|ARM.Build.0 = Release|x64
		{3AD24C62-7370-40C1-A63B-B821FDEB6365}.RelWithDebInfo|x64.ActiveCfg = Release|x64
		{3AD24C62-7370-40C1-A63B-B821FDEB6365}.RelWithDebInfo|x64.Build.0 = Release|x64
		{3AD24C62-7370-40C1-A63B-B821FDEB6365}.RelWithDebInfo|x86.ActiveCfg = Release|Win32
		{3AD24C62-7370-40C1-A63B-B821FDEB6365}.RelWithDebInfo|x86.Build.0 = Release|Win32
		{8D2A0865-5F2C-48A7-85BA-1A5488C0D410}.Debug|Any CPU.ActiveCfg = Debug|Win32
		{8D2A0865-5F2C-48A7-85BA-1A5488C0D410}.Debug|Any CPU.Build.0 = Debug|Win32
		{8D2A0865-5F2C-48A7-85BA-1A5488C0D410}.Debug|ARM.ActiveCfg = Debug|Win32
		{8D2A0865-5F2C-48A7-85BA-1A5488C0D410}.Debug|x64.ActiveCfg = Debug|x64
		{8D2A0865-5F2C-48A7-85BA-1A5488C0D410}.Debug|x64.Build.0 = Debug|x64
		{8D2A0865-5F2C-48A7-85BA-1A5488C0D410}.Debug|x86.ActiveCfg = Debug|Win32
		{8D2A0865-5F2C-48A7-85BA-1A5488C0D410}.Debug|x86.Build.0 = Debug|Win32
		{8D2A0865-5F2C-48A7-85BA-1A5488C0D410}.MinSizeRel|Any CPU.ActiveCfg = Release|x64
		{8D2A0865-5F2C-48A7-85BA-1A5488C0D410}.MinSizeRel|Any CPU.Build.0 = Release|x64
		{8D2A0865-5F2C-48A7-85BA-1A5488C0D410}.MinSizeRel|ARM.ActiveCfg = Release|x64
		{8D2A0865-5F2C-48A7-85BA-1A5488C0D410}.MinSizeRel|ARM.Build.0 = Release|x64
		{8D2A0865-5F2C-48A7-85BA-1A5488C0D410}.MinSizeRel|x64.ActiveCfg = Release|x64
		{8D2A0865-5F2C-48A7-85BA-1A5488C0D410}.MinSizeRel|x64.Build.0 = Release|x64
		{8D2A0865-5F2C-48A7-85BA-1A5488C0D410}.MinSizeRel|x86.ActiveCfg = Release|Win32
		{8D2A0865-5F2C-48A7-85BA-1A5488C0D410}.MinSizeRel|x86.Build.0 = Release|Win32
		{8D2A0865-5F2C-48A7-85BA-1A5488C0D410}.Release|Any CPU.ActiveCfg = Release|Win32
		{8D2A0865-5F2C-48A7-85BA-1A5488C0D410}.Release|ARM.ActiveCfg = Release|Win32
		{8D2A0865-5F2C-48A7-85BA-1A5488C0D410}.Release|x64.ActiveCfg = Release|x64
		{8D2A0865-5F2C-48A7-85BA-1A5488C0D410}.Release|x64.Build.0 = Release|x64
		{8D2A0865-5F2C-48A7-85BA-1A5488C0D410}.Release|x86.ActiveCfg = Release|Win32
		{8D2A0865-5F2C-48A7-85BA-1A5488C0D410}.Release|x86.Build.0 = Release|Win32
		{8D2A0865-5F2C-48A7-85BA-1A5488C0D410}.RelWithDebInfo|Any CPU.ActiveCfg = Release|x64
		{8D2A0865-5F2C-48A7-85BA-1A5488C0D410}.RelWithDebInfo|Any CPU.Build.0 = Release|x64
		{8D2A0865-5F2C-48A7-85BA-1A5488C0D410}.RelWithDebInfo|ARM.ActiveCfg = Release|x64
		{8D2A0865-5F2C-48A7-85BA-1A5488C0D410}.RelWithDebInfo|ARM.Build.0 = Release|x64
		{8D2A0865-5F2C-48A7-85BA-1A5488C0D410}.RelWithDebInfo|x64.ActiveCfg = Release|x64
		{8D2A0865-5F2C-48A7-85BA-1A5488C0D410}.RelWithDebInfo|x64.Build.0 = Release|x64
		{8D2A0865-5F2C-48A7-85BA-1A5488C0D410}.RelWithDebInfo|x86.ActiveCfg = Release|Win32
		{8D2A0865-5F2C-48A7-85BA-1A5488C0D410}.RelWithDebInfo|x86.Build.0 = Release|Win32
		{A66D2751-580D-4C0A-8097-CA20BE7B82C1}.Debug|Any CPU.ActiveCfg = Debug|Win32
		{A66D2751-580D-4C0A-8097-CA20BE7B82C1}.Debug|Any CPU.Build.0 = Debug|Win32
		{A66D2751-580D-4C0A-8097-CA20BE7B82C1}.Debug|ARM.ActiveCfg = Debug|Win32
		{A66D2751-580D-4C0A-8097-CA20BE7B82C1}.Debug|x64.ActiveCfg = Debug|x64
		{A66D2751-580D-4C0A-8097-CA20BE7B82C1}.Debug|x64.Build.0 = Debug|x64
		{A66D2751-580D-4C0A-8097-CA20BE7B82C1}.Debug|x86.ActiveCfg = Debug|Win32
		{A66D2751-580D-4C0A-8097-CA20BE7B82C1}.Debug|x86.Build.0 = Debug|Win32
		{A66D2751-580D-4C0A-8097-CA20BE7B82C1}.MinSizeRel|Any CPU.ActiveCfg = Release|x64
		{A66D2751-580D-4C0A-8097-CA20BE7B82C1}.MinSizeRel|Any CPU.Build.0 = Release|x64
		{A66D2751-580D-4C0A-8097-CA20BE7B82C1}.MinSizeRel|ARM.ActiveCfg = Release|x64
		{A66D2751-580D-4C0A-8097-CA20BE7B82C1}.MinSizeRel|ARM.Build.0 = Release|x64
		{A66D2751-580D-4C0A-8097-CA20BE7B82C1}.MinSizeRel|x64.ActiveCfg = Release|x64
		{A66D2751-580D-4C0A-8097-CA20BE7B82C1}.MinSizeRel|x64.Build.0 = Release|x64
		{A66D2751-580D-4C0A-8097-CA20BE7B82C1}.MinSizeRel|x86.ActiveCfg = Release|Win32
		{A66D2751-580D-4C0A-8097-CA20BE7B82C1}.MinSizeRel|x86.Build.0 = Release|Win32
		{A66D2751-580D-4C0A-8097-CA20BE7B82C1}.Release|Any CPU.ActiveCfg = Release|Win32
		{A66D2751-580D-4C0A-8097-CA20BE7B82C1}.Release|ARM.ActiveCfg = Release|Win32
		{A66D2751-580D-4C0A-8097-CA20BE7B82C1}.Release|x64.ActiveCfg = Release|x64
		{A66D2751-580D-4C0A-8097-CA20BE7B82C1}.Release|x64.Build.0 = Release|x64
		{A66D2751-580D-4C0A-8097-CA20BE7B82C1}.Release|x86.ActiveCfg = Release|Win32
		{A66D2751-580D-4C0A-8097-CA20BE7B82C1}.Release|x86.Build.0 = Release|Win32
		{A66D2751-580D-4C0A-8097-CA20BE7B82C1}.RelWithDebInfo|Any CPU.ActiveCfg = Release|x64
		{A66D2751-580D-4C0A-8097-CA20BE7B82C1}.RelWithDebInfo|Any CPU.Build.0 = Release|x64
		{A66D2751-580D-4C0A-8097-CA20BE7B82C1}.RelWithDebInfo|ARM.ActiveCfg = Release|x64
		{A66D2751-580D-4C0A-8097-CA20BE7B82C1}.RelWithDebInfo|ARM.Build.0 = Release|x64
		{A66D2751-580D-4C0A-8097-CA20BE7B82C1}.RelWithDebInfo|x64.ActiveCfg = Release|x64
		{A66D2751-580D-4C0A-8097-CA20BE7B82C1}.RelWithDebInfo|x64.Build.0 = Release|x64
		{A66D2751-580D-4C0A-8097-CA20BE7B82C1}.RelWithDebInfo|x86.ActiveCfg = Release|Win32
		{A66D2751-580D-4C0A-8097-CA20BE7B82C1}.RelWithDebInfo|x86.Build.0 = Release|Win32
	EndGlobalSection
	GlobalSection(SolutionProperties) = preSolution
		HideSolutionNode = FALSE
	EndGlobalSection
EndGlobal
