
Microsoft Visual Studio Solution File, Format Version 12.00
# Visual Studio 15
VisualStudioVersion = 15.0.26430.16
MinimumVisualStudioVersion = 10.0.40219.1
Project("{8BC9CEB8-8B4A-11D0-8D11-00A0C91BC942}") = "Test", "Test\Test.vcxproj", "{AFFD2981-57F2-405D-A02F-A8E0367E8B41}"
EndProject
Project("{8BC9CEB8-8B4A-11D0-8D11-00A0C91BC942}") = "LocalTest", "LocalTest\LocalTest.vcxproj", "{DF766E1A-9997-4281-ADCE-640138ACD36E}"
EndProject
Project("{8BC9CEB8-8B4A-11D0-8D11-00A0C91BC942}") = "Timers", "Timers\Timers.vcxproj", "{46240D4B-3700-49F2-BD39-705E7A25A4DA}"
EndProject
Project("{FAE04EC0-301F-11D3-BF4B-00C04F79EFBC}") = "TestTimer", "TestTimer\TestTimer\TestTimer.csproj", "{C59F9A5C-C46A-4842-B716-BD501561BE38}"
EndProject
Project("{8BC9CEB8-8B4A-11D0-8D11-00A0C91BC942}") = "Basic", "Basic\Basic.vcxproj", "{A4639548-75F1-4251-8138-44C4DDF2939A}"
EndProject
Project("{8BC9CEB8-8B4A-11D0-8D11-00A0C91BC942}") = "Test_Basic", "Test_Basic\Test_Basic.vcxproj", "{2B13EBDE-5B6B-40A5-AB77-67440C2968A5}"
EndProject
Project("{8BC9CEB8-8B4A-11D0-8D11-00A0C91BC942}") = "TestMysql", "TestMysql\TestMysql.vcxproj", "{AF5B5DA1-3FFA-4B14-8158-C46C9B358028}"
EndProject
Global
	GlobalSection(SolutionConfigurationPlatforms) = preSolution
		Debug|Any CPU = Debug|Any CPU
		Debug|ARM = Debug|ARM
		Debug|Win32 = Debug|Win32
		Debug|x64 = Debug|x64
		Debug|x86 = Debug|x86
		Release|Any CPU = Release|Any CPU
		Release|ARM = Release|ARM
		Release|Win32 = Release|Win32
		Release|x64 = Release|x64
		Release|x86 = Release|x86
	EndGlobalSection
	GlobalSection(ProjectConfigurationPlatforms) = postSolution
		{AFFD2981-57F2-405D-A02F-A8E0367E8B41}.Debug|Any CPU.ActiveCfg = Debug|Win32
		{AFFD2981-57F2-405D-A02F-A8E0367E8B41}.Debug|ARM.ActiveCfg = Debug|Win32
		{AFFD2981-57F2-405D-A02F-A8E0367E8B41}.Debug|Win32.ActiveCfg = Debug|Win32
		{AFFD2981-57F2-405D-A02F-A8E0367E8B41}.Debug|Win32.Build.0 = Debug|Win32
		{AFFD2981-57F2-405D-A02F-A8E0367E8B41}.Debug|x64.ActiveCfg = Debug|Win32
		{AFFD2981-57F2-405D-A02F-A8E0367E8B41}.Debug|x86.ActiveCfg = Debug|Win32
		{AFFD2981-57F2-405D-A02F-A8E0367E8B41}.Debug|x86.Build.0 = Debug|Win32
		{AFFD2981-57F2-405D-A02F-A8E0367E8B41}.Release|Any CPU.ActiveCfg = Release|Win32
		{AFFD2981-57F2-405D-A02F-A8E0367E8B41}.Release|ARM.ActiveCfg = Release|Win32
		{AFFD2981-57F2-405D-A02F-A8E0367E8B41}.Release|Win32.ActiveCfg = Release|Win32
		{AFFD2981-57F2-405D-A02F-A8E0367E8B41}.Release|Win32.Build.0 = Release|Win32
		{AFFD2981-57F2-405D-A02F-A8E0367E8B41}.Release|x64.ActiveCfg = Release|Win32
		{AFFD2981-57F2-405D-A02F-A8E0367E8B41}.Release|x86.ActiveCfg = Release|Win32
		{AFFD2981-57F2-405D-A02F-A8E0367E8B41}.Release|x86.Build.0 = Release|Win32
		{DF766E1A-9997-4281-ADCE-640138ACD36E}.Debug|Any CPU.ActiveCfg = Debug|Win32
		{DF766E1A-9997-4281-ADCE-640138ACD36E}.Debug|ARM.ActiveCfg = Debug|Win32
		{DF766E1A-9997-4281-ADCE-640138ACD36E}.Debug|Win32.ActiveCfg = Debug|Win32
		{DF766E1A-9997-4281-ADCE-640138ACD36E}.Debug|Win32.Build.0 = Debug|Win32
		{DF766E1A-9997-4281-ADCE-640138ACD36E}.Debug|x64.ActiveCfg = Debug|x64
		{DF766E1A-9997-4281-ADCE-640138ACD36E}.Debug|x64.Build.0 = Debug|x64
		{DF766E1A-9997-4281-ADCE-640138ACD36E}.Debug|x86.ActiveCfg = Debug|Win32
		{DF766E1A-9997-4281-ADCE-640138ACD36E}.Debug|x86.Build.0 = Debug|Win32
		{DF766E1A-9997-4281-ADCE-640138ACD36E}.Release|Any CPU.ActiveCfg = Release|Win32
		{DF766E1A-9997-4281-ADCE-640138ACD36E}.Release|ARM.ActiveCfg = Release|Win32
		{DF766E1A-9997-4281-ADCE-640138ACD36E}.Release|Win32.ActiveCfg = Release|Win32
		{DF766E1A-9997-4281-ADCE-640138ACD36E}.Release|Win32.Build.0 = Release|Win32
		{DF766E1A-9997-4281-ADCE-640138ACD36E}.Release|x64.ActiveCfg = Release|x64
		{DF766E1A-9997-4281-ADCE-640138ACD36E}.Release|x64.Build.0 = Release|x64
		{DF766E1A-9997-4281-ADCE-640138ACD36E}.Release|x86.ActiveCfg = Release|Win32
		{DF766E1A-9997-4281-ADCE-640138ACD36E}.Release|x86.Build.0 = Release|Win32
		{46240D4B-3700-49F2-BD39-705E7A25A4DA}.Debug|Any CPU.ActiveCfg = Debug|Win32
		{46240D4B-3700-49F2-BD39-705E7A25A4DA}.Debug|ARM.ActiveCfg = Debug|Win32
		{46240D4B-3700-49F2-BD39-705E7A25A4DA}.Debug|Win32.ActiveCfg = Debug|Win32
		{46240D4B-3700-49F2-BD39-705E7A25A4DA}.Debug|Win32.Build.0 = Debug|Win32
		{46240D4B-3700-49F2-BD39-705E7A25A4DA}.Debug|x64.ActiveCfg = Debug|x64
		{46240D4B-3700-49F2-BD39-705E7A25A4DA}.Debug|x64.Build.0 = Debug|x64
		{46240D4B-3700-49F2-BD39-705E7A25A4DA}.Debug|x86.ActiveCfg = Debug|Win32
		{46240D4B-3700-49F2-BD39-705E7A25A4DA}.Debug|x86.Build.0 = Debug|Win32
		{46240D4B-3700-49F2-BD39-705E7A25A4DA}.Release|Any CPU.ActiveCfg = Release|Win32
		{46240D4B-3700-49F2-BD39-705E7A25A4DA}.Release|ARM.ActiveCfg = Release|Win32
		{46240D4B-3700-49F2-BD39-705E7A25A4DA}.Release|Win32.ActiveCfg = Release|Win32
		{46240D4B-3700-49F2-BD39-705E7A25A4DA}.Release|Win32.Build.0 = Release|Win32
		{46240D4B-3700-49F2-BD39-705E7A25A4DA}.Release|x64.ActiveCfg = Release|x64
		{46240D4B-3700-49F2-BD39-705E7A25A4DA}.Release|x64.Build.0 = Release|x64
		{46240D4B-3700-49F2-BD39-705E7A25A4DA}.Release|x86.ActiveCfg = Release|Win32
		{46240D4B-3700-49F2-BD39-705E7A25A4DA}.Release|x86.Build.0 = Release|Win32
		{C59F9A5C-C46A-4842-B716-BD501561BE38}.Debug|Any CPU.ActiveCfg = Debug|Any CPU
		{C59F9A5C-C46A-4842-B716-BD501561BE38}.Debug|Any CPU.Build.0 = Debug|Any CPU
		{C59F9A5C-C46A-4842-B716-BD501561BE38}.Debug|ARM.ActiveCfg = Debug|Any CPU
		{C59F9A5C-C46A-4842-B716-BD501561BE38}.Debug|ARM.Build.0 = Debug|Any CPU
		{C59F9A5C-C46A-4842-B716-BD501561BE38}.Debug|Win32.ActiveCfg = Debug|Any CPU
		{C59F9A5C-C46A-4842-B716-BD501561BE38}.Debug|Win32.Build.0 = Debug|Any CPU
		{C59F9A5C-C46A-4842-B716-BD501561BE38}.Debug|x64.ActiveCfg = Debug|Any CPU
		{C59F9A5C-C46A-4842-B716-BD501561BE38}.Debug|x64.Build.0 = Debug|Any CPU
		{C59F9A5C-C46A-4842-B716-BD501561BE38}.Debug|x86.ActiveCfg = Debug|Any CPU
		{C59F9A5C-C46A-4842-B716-BD501561BE38}.Debug|x86.Build.0 = Debug|Any CPU
		{C59F9A5C-C46A-4842-B716-BD501561BE38}.Release|Any CPU.ActiveCfg = Release|Any CPU
		{C59F9A5C-C46A-4842-B716-BD501561BE38}.Release|Any CPU.Build.0 = Release|Any CPU
		{C59F9A5C-C46A-4842-B716-BD501561BE38}.Release|ARM.ActiveCfg = Release|Any CPU
		{C59F9A5C-C46A-4842-B716-BD501561BE38}.Release|ARM.Build.0 = Release|Any CPU
		{C59F9A5C-C46A-4842-B716-BD501561BE38}.Release|Win32.ActiveCfg = Release|Any CPU
		{C59F9A5C-C46A-4842-B716-BD501561BE38}.Release|Win32.Build.0 = Release|Any CPU
		{C59F9A5C-C46A-4842-B716-BD501561BE38}.Release|x64.ActiveCfg = Release|Any CPU
		{C59F9A5C-C46A-4842-B716-BD501561BE38}.Release|x64.Build.0 = Release|Any CPU
		{C59F9A5C-C46A-4842-B716-BD501561BE38}.Release|x86.ActiveCfg = Release|Any CPU
		{C59F9A5C-C46A-4842-B716-BD501561BE38}.Release|x86.Build.0 = Release|Any CPU
		{A4639548-75F1-4251-8138-44C4DDF2939A}.Debug|Any CPU.ActiveCfg = Debug|Win32
		{A4639548-75F1-4251-8138-44C4DDF2939A}.Debug|ARM.ActiveCfg = Debug|Win32
		{A4639548-75F1-4251-8138-44C4DDF2939A}.Debug|Win32.ActiveCfg = Debug|Win32
		{A4639548-75F1-4251-8138-44C4DDF2939A}.Debug|Win32.Build.0 = Debug|Win32
		{A4639548-75F1-4251-8138-44C4DDF2939A}.Debug|x64.ActiveCfg = Debug|x64
		{A4639548-75F1-4251-8138-44C4DDF2939A}.Debug|x64.Build.0 = Debug|x64
		{A4639548-75F1-4251-8138-44C4DDF2939A}.Debug|x86.ActiveCfg = Debug|Win32
		{A4639548-75F1-4251-8138-44C4DDF2939A}.Debug|x86.Build.0 = Debug|Win32
		{A4639548-75F1-4251-8138-44C4DDF2939A}.Release|Any CPU.ActiveCfg = Release|Win32
		{A4639548-75F1-4251-8138-44C4DDF2939A}.Release|ARM.ActiveCfg = Release|Win32
		{A4639548-75F1-4251-8138-44C4DDF2939A}.Release|Win32.ActiveCfg = Release|Win32
		{A4639548-75F1-4251-8138-44C4DDF2939A}.Release|Win32.Build.0 = Release|Win32
		{A4639548-75F1-4251-8138-44C4DDF2939A}.Release|x64.ActiveCfg = Release|x64
		{A4639548-75F1-4251-8138-44C4DDF2939A}.Release|x64.Build.0 = Release|x64
		{A4639548-75F1-4251-8138-44C4DDF2939A}.Release|x86.ActiveCfg = Release|Win32
		{A4639548-75F1-4251-8138-44C4DDF2939A}.Release|x86.Build.0 = Release|Win32
		{2B13EBDE-5B6B-40A5-AB77-67440C2968A5}.Debug|Any CPU.ActiveCfg = Debug|Win32
		{2B13EBDE-5B6B-40A5-AB77-67440C2968A5}.Debug|ARM.ActiveCfg = Debug|Win32
		{2B13EBDE-5B6B-40A5-AB77-67440C2968A5}.Debug|Win32.ActiveCfg = Debug|Win32
		{2B13EBDE-5B6B-40A5-AB77-67440C2968A5}.Debug|Win32.Build.0 = Debug|Win32
		{2B13EBDE-5B6B-40A5-AB77-67440C2968A5}.Debug|x64.ActiveCfg = Debug|x64
		{2B13EBDE-5B6B-40A5-AB77-67440C2968A5}.Debug|x64.Build.0 = Debug|x64
		{2B13EBDE-5B6B-40A5-AB77-67440C2968A5}.Debug|x86.ActiveCfg = Debug|Win32
		{2B13EBDE-5B6B-40A5-AB77-67440C2968A5}.Debug|x86.Build.0 = Debug|Win32
		{2B13EBDE-5B6B-40A5-AB77-67440C2968A5}.Release|Any CPU.ActiveCfg = Release|Win32
		{2B13EBDE-5B6B-40A5-AB77-67440C2968A5}.Release|ARM.ActiveCfg = Release|Win32
		{2B13EBDE-5B6B-40A5-AB77-67440C2968A5}.Release|Win32.ActiveCfg = Release|Win32
		{2B13EBDE-5B6B-40A5-AB77-67440C2968A5}.Release|Win32.Build.0 = Release|Win32
		{2B13EBDE-5B6B-40A5-AB77-67440C2968A5}.Release|x64.ActiveCfg = Release|x64
		{2B13EBDE-5B6B-40A5-AB77-67440C2968A5}.Release|x64.Build.0 = Release|x64
		{2B13EBDE-5B6B-40A5-AB77-67440C2968A5}.Release|x86.ActiveCfg = Release|Win32
		{2B13EBDE-5B6B-40A5-AB77-67440C2968A5}.Release|x86.Build.0 = Release|Win32
		{AF5B5DA1-3FFA-4B14-8158-C46C9B358028}.Debug|Any CPU.ActiveCfg = Debug|Win32
		{AF5B5DA1-3FFA-4B14-8158-C46C9B358028}.Debug|ARM.ActiveCfg = Debug|Win32
		{AF5B5DA1-3FFA-4B14-8158-C46C9B358028}.Debug|Win32.ActiveCfg = Debug|Win32
		{AF5B5DA1-3FFA-4B14-8158-C46C9B358028}.Debug|Win32.Build.0 = Debug|Win32
		{AF5B5DA1-3FFA-4B14-8158-C46C9B358028}.Debug|x64.ActiveCfg = Debug|x64
		{AF5B5DA1-3FFA-4B14-8158-C46C9B358028}.Debug|x64.Build.0 = Debug|x64
		{AF5B5DA1-3FFA-4B14-8158-C46C9B358028}.Debug|x86.ActiveCfg = Debug|Win32
		{AF5B5DA1-3FFA-4B14-8158-C46C9B358028}.Debug|x86.Build.0 = Debug|Win32
		{AF5B5DA1-3FFA-4B14-8158-C46C9B358028}.Release|Any CPU.ActiveCfg = Release|Win32
		{AF5B5DA1-3FFA-4B14-8158-C46C9B358028}.Release|ARM.ActiveCfg = Release|Win32
		{AF5B5DA1-3FFA-4B14-8158-C46C9B358028}.Release|Win32.ActiveCfg = Release|Win32
		{AF5B5DA1-3FFA-4B14-8158-C46C9B358028}.Release|Win32.Build.0 = Release|Win32
		{AF5B5DA1-3FFA-4B14-8158-C46C9B358028}.Release|x64.ActiveCfg = Release|x64
		{AF5B5DA1-3FFA-4B14-8158-C46C9B358028}.Release|x64.Build.0 = Release|x64
		{AF5B5DA1-3FFA-4B14-8158-C46C9B358028}.Release|x86.ActiveCfg = Release|Win32
		{AF5B5DA1-3FFA-4B14-8158-C46C9B358028}.Release|x86.Build.0 = Release|Win32
	EndGlobalSection
	GlobalSection(SolutionProperties) = preSolution
		HideSolutionNode = FALSE
	EndGlobalSection
	GlobalSection(ExtensibilityGlobals) = postSolution
		SolutionGuid = {79A98031-0E20-4D7F-9F51-B2045ABBF971}
	EndGlobalSection
EndGlobal
