<?xml version="1.0" encoding="utf-8"?>
<Project ToolsVersion="4.0" xmlns="http://schemas.microsoft.com/developer/msbuild/2003">
  <ItemGroup>
    <Filter Include="源文件">
      <UniqueIdentifier>{4FC737F1-C7A5-4376-A066-2A32D752A2FF}</UniqueIdentifier>
      <Extensions>cpp;c;cc;cxx;def;odl;idl;hpj;bat;asm;asmx</Extensions>
    </Filter>
    <Filter Include="头文件">
      <UniqueIdentifier>{93995380-89BD-4b04-88EB-625FBE52EBFB}</UniqueIdentifier>
      <Extensions>h;hh;hpp;hxx;hm;inl;inc;xsd</Extensions>
    </Filter>
    <Filter Include="资源文件">
      <UniqueIdentifier>{67DA6AB6-F800-4c08-8B7A-83BB121AAD01}</UniqueIdentifier>
      <Extensions>rc;ico;cur;bmp;dlg;rc2;rct;bin;rgs;gif;jpg;jpeg;jpe;resx;tiff;tif;png;wav;mfcribbon-ms</Extensions>
    </Filter>
  </ItemGroup>
  <ItemGroup>
    <ClInclude Include="stdafx.h">
      <Filter>头文件</Filter>
    </ClInclude>
    <ClInclude Include="targetver.h">
      <Filter>头文件</Filter>
    </ClInclude>
    <ClInclude Include="handy\codec.h">
      <Filter>头文件</Filter>
    </ClInclude>
    <ClInclude Include="handy\conf.h">
      <Filter>头文件</Filter>
    </ClInclude>
    <ClInclude Include="handy\conn.h">
      <Filter>头文件</Filter>
    </ClInclude>
    <ClInclude Include="handy\daemon.h">
      <Filter>头文件</Filter>
    </ClInclude>
    <ClInclude Include="handy\event_base.h">
      <Filter>头文件</Filter>
    </ClInclude>
    <ClInclude Include="handy\file.h">
      <Filter>头文件</Filter>
    </ClInclude>
    <ClInclude Include="handy\handy.h">
      <Filter>头文件</Filter>
    </ClInclude>
    <ClInclude Include="handy\handy-imp.h">
      <Filter>头文件</Filter>
    </ClInclude>
    <ClInclude Include="handy\http.h">
      <Filter>头文件</Filter>
    </ClInclude>
    <ClInclude Include="handy\logging.h">
      <Filter>头文件</Filter>
    </ClInclude>
    <ClInclude Include="handy\net.h">
      <Filter>头文件</Filter>
    </ClInclude>
    <ClInclude Include="handy\poller.h">
      <Filter>头文件</Filter>
    </ClInclude>
    <ClInclude Include="handy\port_posix.h">
      <Filter>头文件</Filter>
    </ClInclude>
    <ClInclude Include="handy\slice.h">
      <Filter>头文件</Filter>
    </ClInclude>
    <ClInclude Include="handy\stat-svr.h">
      <Filter>头文件</Filter>
    </ClInclude>
    <ClInclude Include="handy\status.h">
      <Filter>头文件</Filter>
    </ClInclude>
    <ClInclude Include="handy\threads.h">
      <Filter>头文件</Filter>
    </ClInclude>
    <ClInclude Include="handy\udp.h">
      <Filter>头文件</Filter>
    </ClInclude>
    <ClInclude Include="handy\util.h">
      <Filter>头文件</Filter>
    </ClInclude>
  </ItemGroup>
  <ItemGroup>
    <ClCompile Include="stdafx.cpp">
      <Filter>源文件</Filter>
    </ClCompile>
    <ClCompile Include="unittest1.cpp">
      <Filter>源文件</Filter>
    </ClCompile>
    <ClCompile Include="test_poco_file.cpp">
      <Filter>源文件</Filter>
    </ClCompile>
    <ClCompile Include="handy\codec.cc">
      <Filter>源文件</Filter>
    </ClCompile>
    <ClCompile Include="handy\conf.cc">
      <Filter>源文件</Filter>
    </ClCompile>
    <ClCompile Include="handy\conn.cc">
      <Filter>源文件</Filter>
    </ClCompile>
    <ClCompile Include="handy\daemon.cc">
      <Filter>源文件</Filter>
    </ClCompile>
    <ClCompile Include="handy\event_base.cc">
      <Filter>源文件</Filter>
    </ClCompile>
    <ClCompile Include="handy\file.cc">
      <Filter>源文件</Filter>
    </ClCompile>
    <ClCompile Include="handy\http.cc">
      <Filter>源文件</Filter>
    </ClCompile>
    <ClCompile Include="handy\logging.cc">
      <Filter>源文件</Filter>
    </ClCompile>
    <ClCompile Include="handy\net.cc">
      <Filter>源文件</Filter>
    </ClCompile>
    <ClCompile Include="handy\poller.cc">
      <Filter>源文件</Filter>
    </ClCompile>
    <ClCompile Include="handy\port_posix.cc">
      <Filter>源文件</Filter>
    </ClCompile>
    <ClCompile Include="handy\stat-svr.cc">
      <Filter>源文件</Filter>
    </ClCompile>
    <ClCompile Include="handy\threads.cc">
      <Filter>源文件</Filter>
    </ClCompile>
    <ClCompile Include="handy\udp.cc">
      <Filter>源文件</Filter>
    </ClCompile>
    <ClCompile Include="handy\util.cc">
      <Filter>源文件</Filter>
    </ClCompile>
  </ItemGroup>
</Project>