<?xml version="1.0" encoding="utf-8"?>
<Project ToolsVersion="4.0" xmlns="http://schemas.microsoft.com/developer/msbuild/2003">
  <ItemGroup>
    <ClCompile Include="App.cpp" />
    <ClCompile Include="Config.cpp" />
    <ClCompile Include="ConfigInfo.cpp" />
    <ClCompile Include="Connection.cpp" />
    <ClCompile Include="Core.cpp" />
    <ClCompile Include="NetWork.cpp" />
    <ClCompile Include="stdafx.cpp" />
    <ClCompile Include="World.cpp" />
    <ClCompile Include="Gate.cpp" />
    <ClCompile Include="DBDefine.cpp">
      <Filter>CoreDBObject</Filter>
    </ClCompile>
    <ClCompile Include="DataBase.cpp">
      <Filter>DB</Filter>
    </ClCompile>
    <ClCompile Include="DBExecuter.cpp">
      <Filter>DB</Filter>
    </ClCompile>
    <ClCompile Include="DBQuery.cpp">
      <Filter>DB</Filter>
    </ClCompile>
    <ClCompile Include="DBReturn.cpp">
      <Filter>DB</Filter>
    </ClCompile>
    <ClCompile Include="DBStream.cpp">
      <Filter>DB</Filter>
    </ClCompile>
    <ClCompile Include="DBTable.cpp">
      <Filter>DB</Filter>
    </ClCompile>
    <ClCompile Include="DBTableDefine.cpp">
      <Filter>DB</Filter>
    </ClCompile>
    <ClCompile Include="SQLHelper.cpp">
      <Filter>DB</Filter>
    </ClCompile>
    <ClCompile Include="MySqlExecuter.cpp">
      <Filter>DB</Filter>
    </ClCompile>
    <ClCompile Include="ServerID.cpp" />
    <ClCompile Include="Encrypt.cpp" />
    <ClCompile Include="DBObject.cpp" />
  </ItemGroup>
  <ItemGroup>
    <ClInclude Include="App.h" />
    <ClInclude Include="Config.h" />
    <ClInclude Include="ConfigInfo.h" />
    <ClInclude Include="Connection.h" />
    <ClInclude Include="Core.h" />
    <ClInclude Include="NetWork.h" />
    <ClInclude Include="stdafx.h" />
    <ClInclude Include="targetver.h" />
    <ClInclude Include="World.h" />
    <ClInclude Include="Gate.h" />
    <ClInclude Include="DBDefine.h">
      <Filter>CoreDBObject</Filter>
    </ClInclude>
    <ClInclude Include="DataBase.h">
      <Filter>DB</Filter>
    </ClInclude>
    <ClInclude Include="DBExecuter.h">
      <Filter>DB</Filter>
    </ClInclude>
    <ClInclude Include="DBQuery.h">
      <Filter>DB</Filter>
    </ClInclude>
    <ClInclude Include="DBReturn.h">
      <Filter>DB</Filter>
    </ClInclude>
    <ClInclude Include="DBStream.h">
      <Filter>DB</Filter>
    </ClInclude>
    <ClInclude Include="DBTable.h">
      <Filter>DB</Filter>
    </ClInclude>
    <ClInclude Include="DBTableDefine.h">
      <Filter>DB</Filter>
    </ClInclude>
    <ClInclude Include="SQLHelper.h">
      <Filter>DB</Filter>
    </ClInclude>
    <ClInclude Include="MySqlExecuter.h">
      <Filter>DB</Filter>
    </ClInclude>
    <ClInclude Include="ServerID.h" />
    <ClInclude Include="Encrypt.h" />
    <ClInclude Include="DBObject.h" />
  </ItemGroup>
  <ItemGroup>
    <Text Include="ReadMe.txt" />
  </ItemGroup>
  <ItemGroup>
    <Filter Include="CoreDBObject">
      <UniqueIdentifier>{d8392a01-736f-4c01-82dd-5d73fd9861df}</UniqueIdentifier>
    </Filter>
    <Filter Include="DB">
      <UniqueIdentifier>{7117e07c-ba00-4d8a-ad76-e7d77ded260e}</UniqueIdentifier>
    </Filter>
  </ItemGroup>
</Project>